
Microsoft Visual Studio Solution File, Format Version 12.00
# Visual Studio Version 16
Project("{8BC9CEB8-8B4A-11D0-8D11-00A0C91BC942}") = "ALL_BUILD", "ALL_BUILD.vcxproj", "{251AB479-0CA8-3AB3-9537-F94F15C60633}"
	ProjectSection(ProjectDependencies) = postProject
		{3E6CCE5E-A4F2-36AF-B47B-D1015ACEA3A5} = {3E6CCE5E-A4F2-36AF-B47B-D1015ACEA3A5}
		{5672568C-9B5E-3552-A536-03B0B7E63A51} = {5672568C-9B5E-3552-A536-03B0B7E63A51}
		{C88B0FC3-9A23-3227-BAFB-D172FCB0C71B} = {C88B0FC3-9A23-3227-BAFB-D172FCB0C71B}
		{A7C0A304-5BDC-3BFA-9E94-4EE13D90625E} = {A7C0A304-5BDC-3BFA-9E94-4EE13D90625E}
		{E331B9AF-D0CF-3735-A436-1274E5225444} = {E331B9AF-D0CF-3735-A436-1274E5225444}
		{BCC0D559-007A-36F6-80E9-9A190DBF112F} = {BCC0D559-007A-36F6-80E9-9A190DBF112F}
		{15F016EF-7CCF-3C38-BEEB-1C9266720AE9} = {15F016EF-7CCF-3C38-BEEB-1C9266720AE9}
		{0ABEB91F-269C-3891-BB67-C84D26AEF28B} = {0ABEB91F-269C-3891-BB67-C84D26AEF28B}
		{22B6BFC8-F395-31EF-B86A-219EA1F5BF9E} = {22B6BFC8-F395-31EF-B86A-219EA1F5BF9E}
		{9ADD3F11-4CC6-3ECD-BD27-65529F599C29} = {9ADD3F11-4CC6-3ECD-BD27-65529F599C29}
		{3071015E-4BEA-3913-B67A-F9FF74747864} = {3071015E-4BEA-3913-B67A-F9FF74747864}
		{3AA36E0D-2FB7-37FD-B12C-2809F67B820E} = {3AA36E0D-2FB7-37FD-B12C-2809F67B820E}
		{DA8CD584-5E2E-3261-A786-88F9CA128387} = {DA8CD584-5E2E-3261-A786-88F9CA128387}
		{8B5708A1-A5AA-3658-AE12-C9E0827070EC} = {8B5708A1-A5AA-3658-AE12-C9E0827070EC}
		{C711AD2E-0DD6-30E4-B147-00BB7FF421C9} = {C711AD2E-0DD6-30E4-B147-00BB7FF421C9}
		{C31D39A0-46C7-31B2-8E29-3EF76DDE6511} = {C31D39A0-46C7-31B2-8E29-3EF76DDE6511}
		{89307862-BFE1-3F61-B13A-7CF50FFFEC73} = {89307862-BFE1-3F61-B13A-7CF50FFFEC73}
		{6B035707-630A-36A8-AB44-352BFF8114C2} = {6B035707-630A-36A8-AB44-352BFF8114C2}
		{F2FA40F1-09B1-3B64-80FD-4204469F8944} = {F2FA40F1-09B1-3B64-80FD-4204469F8944}
		{381A55E7-33F1-3FDD-8BDD-6BF55746DC47} = {381A55E7-33F1-3FDD-8BDD-6BF55746DC47}
		{3A338781-6298-30BC-B73F-91A7DE408913} = {3A338781-6298-30BC-B73F-91A7DE408913}
		{D757C919-214F-3DF6-AE44-B6E04461CFEE} = {D757C919-214F-3DF6-AE44-B6E04461CFEE}
		{63691D3F-5418-3095-B0BF-5A2160639615} = {63691D3F-5418-3095-B0BF-5A2160639615}
	EndProjectSection
EndProject
Project("{8BC9CEB8-8B4A-11D0-8D11-00A0C91BC942}") = "ZERO_CHECK", "ZERO_CHECK.vcxproj", "{3E6CCE5E-A4F2-36AF-B47B-D1015ACEA3A5}"
	ProjectSection(ProjectDependencies) = postProject
	EndProjectSection
EndProject
Project("{8BC9CEB8-8B4A-11D0-8D11-00A0C91BC942}") = "arch", "src\lib\arch\arch.vcxproj", "{5672568C-9B5E-3552-A536-03B0B7E63A51}"
	ProjectSection(ProjectDependencies) = postProject
		{3E6CCE5E-A4F2-36AF-B47B-D1015ACEA3A5} = {3E6CCE5E-A4F2-36AF-B47B-D1015ACEA3A5}
	EndProjectSection
EndProject
Project("{8BC9CEB8-8B4A-11D0-8D11-00A0C91BC942}") = "base", "src\lib\base\base.vcxproj", "{C88B0FC3-9A23-3227-BAFB-D172FCB0C71B}"
	ProjectSection(ProjectDependencies) = postProject
		{3E6CCE5E-A4F2-36AF-B47B-D1015ACEA3A5} = {3E6CCE5E-A4F2-36AF-B47B-D1015ACEA3A5}
	EndProjectSection
EndProject
Project("{8BC9CEB8-8B4A-11D0-8D11-00A0C91BC942}") = "client", "src\lib\client\client.vcxproj", "{A7C0A304-5BDC-3BFA-9E94-4EE13D90625E}"
	ProjectSection(ProjectDependencies) = postProject
		{3E6CCE5E-A4F2-36AF-B47B-D1015ACEA3A5} = {3E6CCE5E-A4F2-36AF-B47B-D1015ACEA3A5}
	EndProjectSection
EndProject
Project("{8BC9CEB8-8B4A-11D0-8D11-00A0C91BC942}") = "common", "src\lib\common\common.vcxproj", "{E331B9AF-D0CF-3735-A436-1274E5225444}"
	ProjectSection(ProjectDependencies) = postProject
		{3E6CCE5E-A4F2-36AF-B47B-D1015ACEA3A5} = {3E6CCE5E-A4F2-36AF-B47B-D1015ACEA3A5}
	EndProjectSection
EndProject
Project("{8BC9CEB8-8B4A-11D0-8D11-00A0C91BC942}") = "gmock", "src\test\gmock.vcxproj", "{BCC0D559-007A-36F6-80E9-9A190DBF112F}"
	ProjectSection(ProjectDependencies) = postProject
		{3E6CCE5E-A4F2-36AF-B47B-D1015ACEA3A5} = {3E6CCE5E-A4F2-36AF-B47B-D1015ACEA3A5}
	EndProjectSection
EndProject
Project("{8BC9CEB8-8B4A-11D0-8D11-00A0C91BC942}") = "gtest", "src\test\gtest.vcxproj", "{15F016EF-7CCF-3C38-BEEB-1C9266720AE9}"
	ProjectSection(ProjectDependencies) = postProject
		{3E6CCE5E-A4F2-36AF-B47B-D1015ACEA3A5} = {3E6CCE5E-A4F2-36AF-B47B-D1015ACEA3A5}
	EndProjectSection
EndProject
Project("{8BC9CEB8-8B4A-11D0-8D11-00A0C91BC942}") = "integtests", "src\test\integtests\integtests.vcxproj", "{0ABEB91F-269C-3891-BB67-C84D26AEF28B}"
	ProjectSection(ProjectDependencies) = postProject
		{3E6CCE5E-A4F2-36AF-B47B-D1015ACEA3A5} = {3E6CCE5E-A4F2-36AF-B47B-D1015ACEA3A5}
		{5672568C-9B5E-3552-A536-03B0B7E63A51} = {5672568C-9B5E-3552-A536-03B0B7E63A51}
		{C88B0FC3-9A23-3227-BAFB-D172FCB0C71B} = {C88B0FC3-9A23-3227-BAFB-D172FCB0C71B}
		{A7C0A304-5BDC-3BFA-9E94-4EE13D90625E} = {A7C0A304-5BDC-3BFA-9E94-4EE13D90625E}
		{E331B9AF-D0CF-3735-A436-1274E5225444} = {E331B9AF-D0CF-3735-A436-1274E5225444}
		{BCC0D559-007A-36F6-80E9-9A190DBF112F} = {BCC0D559-007A-36F6-80E9-9A190DBF112F}
		{15F016EF-7CCF-3C38-BEEB-1C9266720AE9} = {15F016EF-7CCF-3C38-BEEB-1C9266720AE9}
		{22B6BFC8-F395-31EF-B86A-219EA1F5BF9E} = {22B6BFC8-F395-31EF-B86A-219EA1F5BF9E}
		{9ADD3F11-4CC6-3ECD-BD27-65529F599C29} = {9ADD3F11-4CC6-3ECD-BD27-65529F599C29}
		{3071015E-4BEA-3913-B67A-F9FF74747864} = {3071015E-4BEA-3913-B67A-F9FF74747864}
		{3AA36E0D-2FB7-37FD-B12C-2809F67B820E} = {3AA36E0D-2FB7-37FD-B12C-2809F67B820E}
		{DA8CD584-5E2E-3261-A786-88F9CA128387} = {DA8CD584-5E2E-3261-A786-88F9CA128387}
		{8B5708A1-A5AA-3658-AE12-C9E0827070EC} = {8B5708A1-A5AA-3658-AE12-C9E0827070EC}
		{C711AD2E-0DD6-30E4-B147-00BB7FF421C9} = {C711AD2E-0DD6-30E4-B147-00BB7FF421C9}
		{381A55E7-33F1-3FDD-8BDD-6BF55746DC47} = {381A55E7-33F1-3FDD-8BDD-6BF55746DC47}
	EndProjectSection
EndProject
Project("{8BC9CEB8-8B4A-11D0-8D11-00A0C91BC942}") = "io", "src\lib\io\io.vcxproj", "{22B6BFC8-F395-31EF-B86A-219EA1F5BF9E}"
	ProjectSection(ProjectDependencies) = postProject
		{3E6CCE5E-A4F2-36AF-B47B-D1015ACEA3A5} = {3E6CCE5E-A4F2-36AF-B47B-D1015ACEA3A5}
	EndProjectSection
EndProject
Project("{8BC9CEB8-8B4A-11D0-8D11-00A0C91BC942}") = "ipc", "src\lib\ipc\ipc.vcxproj", "{9ADD3F11-4CC6-3ECD-BD27-65529F599C29}"
	ProjectSection(ProjectDependencies) = postProject
		{3E6CCE5E-A4F2-36AF-B47B-D1015ACEA3A5} = {3E6CCE5E-A4F2-36AF-B47B-D1015ACEA3A5}
	EndProjectSection
EndProject
Project("{8BC9CEB8-8B4A-11D0-8D11-00A0C91BC942}") = "mt", "src\lib\mt\mt.vcxproj", "{3071015E-4BEA-3913-B67A-F9FF74747864}"
	ProjectSection(ProjectDependencies) = postProject
		{3E6CCE5E-A4F2-36AF-B47B-D1015ACEA3A5} = {3E6CCE5E-A4F2-36AF-B47B-D1015ACEA3A5}
	EndProjectSection
EndProject
Project("{8BC9CEB8-8B4A-11D0-8D11-00A0C91BC942}") = "net", "src\lib\net\net.vcxproj", "{3AA36E0D-2FB7-37FD-B12C-2809F67B820E}"
	ProjectSection(ProjectDependencies) = postProject
		{3E6CCE5E-A4F2-36AF-B47B-D1015ACEA3A5} = {3E6CCE5E-A4F2-36AF-B47B-D1015ACEA3A5}
		{22B6BFC8-F395-31EF-B86A-219EA1F5BF9E} = {22B6BFC8-F395-31EF-B86A-219EA1F5BF9E}
		{3071015E-4BEA-3913-B67A-F9FF74747864} = {3071015E-4BEA-3913-B67A-F9FF74747864}
	EndProjectSection
EndProject
Project("{8BC9CEB8-8B4A-11D0-8D11-00A0C91BC942}") = "platform", "src\lib\platform\platform.vcxproj", "{DA8CD584-5E2E-3261-A786-88F9CA128387}"
	ProjectSection(ProjectDependencies) = postProject
		{3E6CCE5E-A4F2-36AF-B47B-D1015ACEA3A5} = {3E6CCE5E-A4F2-36AF-B47B-D1015ACEA3A5}
		{A7C0A304-5BDC-3BFA-9E94-4EE13D90625E} = {A7C0A304-5BDC-3BFA-9E94-4EE13D90625E}
	EndProjectSection
EndProject
Project("{8BC9CEB8-8B4A-11D0-8D11-00A0C91BC942}") = "server", "src\lib\server\server.vcxproj", "{8B5708A1-A5AA-3658-AE12-C9E0827070EC}"
	ProjectSection(ProjectDependencies) = postProject
		{3E6CCE5E-A4F2-36AF-B47B-D1015ACEA3A5} = {3E6CCE5E-A4F2-36AF-B47B-D1015ACEA3A5}
		{5672568C-9B5E-3552-A536-03B0B7E63A51} = {5672568C-9B5E-3552-A536-03B0B7E63A51}
		{C88B0FC3-9A23-3227-BAFB-D172FCB0C71B} = {C88B0FC3-9A23-3227-BAFB-D172FCB0C71B}
		{C711AD2E-0DD6-30E4-B147-00BB7FF421C9} = {C711AD2E-0DD6-30E4-B147-00BB7FF421C9}
	EndProjectSection
EndProject
Project("{8BC9CEB8-8B4A-11D0-8D11-00A0C91BC942}") = "shared", "src\lib\shared\shared.vcxproj", "{C711AD2E-0DD6-30E4-B147-00BB7FF421C9}"
	ProjectSection(ProjectDependencies) = postProject
		{3E6CCE5E-A4F2-36AF-B47B-D1015ACEA3A5} = {3E6CCE5E-A4F2-36AF-B47B-D1015ACEA3A5}
		{5672568C-9B5E-3552-A536-03B0B7E63A51} = {5672568C-9B5E-3552-A536-03B0B7E63A51}
		{C88B0FC3-9A23-3227-BAFB-D172FCB0C71B} = {C88B0FC3-9A23-3227-BAFB-D172FCB0C71B}
	EndProjectSection
EndProject
Project("{8BC9CEB8-8B4A-11D0-8D11-00A0C91BC942}") = "synergy", "src\gui\synergy.vcxproj", "{C31D39A0-46C7-31B2-8E29-3EF76DDE6511}"
	ProjectSection(ProjectDependencies) = postProject
		{3E6CCE5E-A4F2-36AF-B47B-D1015ACEA3A5} = {3E6CCE5E-A4F2-36AF-B47B-D1015ACEA3A5}
		{5672568C-9B5E-3552-A536-03B0B7E63A51} = {5672568C-9B5E-3552-A536-03B0B7E63A51}
		{C88B0FC3-9A23-3227-BAFB-D172FCB0C71B} = {C88B0FC3-9A23-3227-BAFB-D172FCB0C71B}
		{C711AD2E-0DD6-30E4-B147-00BB7FF421C9} = {C711AD2E-0DD6-30E4-B147-00BB7FF421C9}
	EndProjectSection
EndProject
Project("{8BC9CEB8-8B4A-11D0-8D11-00A0C91BC942}") = "synergyc", "src\cmd\synergyc\synergyc.vcxproj", "{89307862-BFE1-3F61-B13A-7CF50FFFEC73}"
	ProjectSection(ProjectDependencies) = postProject
		{3E6CCE5E-A4F2-36AF-B47B-D1015ACEA3A5} = {3E6CCE5E-A4F2-36AF-B47B-D1015ACEA3A5}
		{5672568C-9B5E-3552-A536-03B0B7E63A51} = {5672568C-9B5E-3552-A536-03B0B7E63A51}
		{C88B0FC3-9A23-3227-BAFB-D172FCB0C71B} = {C88B0FC3-9A23-3227-BAFB-D172FCB0C71B}
		{A7C0A304-5BDC-3BFA-9E94-4EE13D90625E} = {A7C0A304-5BDC-3BFA-9E94-4EE13D90625E}
		{E331B9AF-D0CF-3735-A436-1274E5225444} = {E331B9AF-D0CF-3735-A436-1274E5225444}
		{22B6BFC8-F395-31EF-B86A-219EA1F5BF9E} = {22B6BFC8-F395-31EF-B86A-219EA1F5BF9E}
		{9ADD3F11-4CC6-3ECD-BD27-65529F599C29} = {9ADD3F11-4CC6-3ECD-BD27-65529F599C29}
		{3071015E-4BEA-3913-B67A-F9FF74747864} = {3071015E-4BEA-3913-B67A-F9FF74747864}
		{3AA36E0D-2FB7-37FD-B12C-2809F67B820E} = {3AA36E0D-2FB7-37FD-B12C-2809F67B820E}
		{DA8CD584-5E2E-3261-A786-88F9CA128387} = {DA8CD584-5E2E-3261-A786-88F9CA128387}
		{8B5708A1-A5AA-3658-AE12-C9E0827070EC} = {8B5708A1-A5AA-3658-AE12-C9E0827070EC}
		{C711AD2E-0DD6-30E4-B147-00BB7FF421C9} = {C711AD2E-0DD6-30E4-B147-00BB7FF421C9}
		{381A55E7-33F1-3FDD-8BDD-6BF55746DC47} = {381A55E7-33F1-3FDD-8BDD-6BF55746DC47}
	EndProjectSection
EndProject
Project("{8BC9CEB8-8B4A-11D0-8D11-00A0C91BC942}") = "synergyd", "src\cmd\synergyd\synergyd.vcxproj", "{6B035707-630A-36A8-AB44-352BFF8114C2}"
	ProjectSection(ProjectDependencies) = postProject
		{3E6CCE5E-A4F2-36AF-B47B-D1015ACEA3A5} = {3E6CCE5E-A4F2-36AF-B47B-D1015ACEA3A5}
		{5672568C-9B5E-3552-A536-03B0B7E63A51} = {5672568C-9B5E-3552-A536-03B0B7E63A51}
		{C88B0FC3-9A23-3227-BAFB-D172FCB0C71B} = {C88B0FC3-9A23-3227-BAFB-D172FCB0C71B}
		{A7C0A304-5BDC-3BFA-9E94-4EE13D90625E} = {A7C0A304-5BDC-3BFA-9E94-4EE13D90625E}
		{E331B9AF-D0CF-3735-A436-1274E5225444} = {E331B9AF-D0CF-3735-A436-1274E5225444}
		{22B6BFC8-F395-31EF-B86A-219EA1F5BF9E} = {22B6BFC8-F395-31EF-B86A-219EA1F5BF9E}
		{9ADD3F11-4CC6-3ECD-BD27-65529F599C29} = {9ADD3F11-4CC6-3ECD-BD27-65529F599C29}
		{3071015E-4BEA-3913-B67A-F9FF74747864} = {3071015E-4BEA-3913-B67A-F9FF74747864}
		{3AA36E0D-2FB7-37FD-B12C-2809F67B820E} = {3AA36E0D-2FB7-37FD-B12C-2809F67B820E}
		{DA8CD584-5E2E-3261-A786-88F9CA128387} = {DA8CD584-5E2E-3261-A786-88F9CA128387}
		{C711AD2E-0DD6-30E4-B147-00BB7FF421C9} = {C711AD2E-0DD6-30E4-B147-00BB7FF421C9}
		{381A55E7-33F1-3FDD-8BDD-6BF55746DC47} = {381A55E7-33F1-3FDD-8BDD-6BF55746DC47}
	EndProjectSection
EndProject
Project("{8BC9CEB8-8B4A-11D0-8D11-00A0C91BC942}") = "synergys", "src\cmd\synergys\synergys.vcxproj", "{F2FA40F1-09B1-3B64-80FD-4204469F8944}"
	ProjectSection(ProjectDependencies) = postProject
		{3E6CCE5E-A4F2-36AF-B47B-D1015ACEA3A5} = {3E6CCE5E-A4F2-36AF-B47B-D1015ACEA3A5}
		{5672568C-9B5E-3552-A536-03B0B7E63A51} = {5672568C-9B5E-3552-A536-03B0B7E63A51}
		{C88B0FC3-9A23-3227-BAFB-D172FCB0C71B} = {C88B0FC3-9A23-3227-BAFB-D172FCB0C71B}
		{A7C0A304-5BDC-3BFA-9E94-4EE13D90625E} = {A7C0A304-5BDC-3BFA-9E94-4EE13D90625E}
		{E331B9AF-D0CF-3735-A436-1274E5225444} = {E331B9AF-D0CF-3735-A436-1274E5225444}
		{22B6BFC8-F395-31EF-B86A-219EA1F5BF9E} = {22B6BFC8-F395-31EF-B86A-219EA1F5BF9E}
		{9ADD3F11-4CC6-3ECD-BD27-65529F599C29} = {9ADD3F11-4CC6-3ECD-BD27-65529F599C29}
		{3071015E-4BEA-3913-B67A-F9FF74747864} = {3071015E-4BEA-3913-B67A-F9FF74747864}
		{3AA36E0D-2FB7-37FD-B12C-2809F67B820E} = {3AA36E0D-2FB7-37FD-B12C-2809F67B820E}
		{DA8CD584-5E2E-3261-A786-88F9CA128387} = {DA8CD584-5E2E-3261-A786-88F9CA128387}
		{8B5708A1-A5AA-3658-AE12-C9E0827070EC} = {8B5708A1-A5AA-3658-AE12-C9E0827070EC}
		{C711AD2E-0DD6-30E4-B147-00BB7FF421C9} = {C711AD2E-0DD6-30E4-B147-00BB7FF421C9}
		{381A55E7-33F1-3FDD-8BDD-6BF55746DC47} = {381A55E7-33F1-3FDD-8BDD-6BF55746DC47}
	EndProjectSection
EndProject
Project("{8BC9CEB8-8B4A-11D0-8D11-00A0C91BC942}") = "synlib", "src\lib\synergy\synlib.vcxproj", "{381A55E7-33F1-3FDD-8BDD-6BF55746DC47}"
	ProjectSection(ProjectDependencies) = postProject
		{3E6CCE5E-A4F2-36AF-B47B-D1015ACEA3A5} = {3E6CCE5E-A4F2-36AF-B47B-D1015ACEA3A5}
	EndProjectSection
EndProject
Project("{8BC9CEB8-8B4A-11D0-8D11-00A0C91BC942}") = "syntool", "src\cmd\syntool\syntool.vcxproj", "{3A338781-6298-30BC-B73F-91A7DE408913}"
	ProjectSection(ProjectDependencies) = postProject
		{3E6CCE5E-A4F2-36AF-B47B-D1015ACEA3A5} = {3E6CCE5E-A4F2-36AF-B47B-D1015ACEA3A5}
		{5672568C-9B5E-3552-A536-03B0B7E63A51} = {5672568C-9B5E-3552-A536-03B0B7E63A51}
		{C88B0FC3-9A23-3227-BAFB-D172FCB0C71B} = {C88B0FC3-9A23-3227-BAFB-D172FCB0C71B}
		{A7C0A304-5BDC-3BFA-9E94-4EE13D90625E} = {A7C0A304-5BDC-3BFA-9E94-4EE13D90625E}
		{E331B9AF-D0CF-3735-A436-1274E5225444} = {E331B9AF-D0CF-3735-A436-1274E5225444}
		{22B6BFC8-F395-31EF-B86A-219EA1F5BF9E} = {22B6BFC8-F395-31EF-B86A-219EA1F5BF9E}
		{9ADD3F11-4CC6-3ECD-BD27-65529F599C29} = {9ADD3F11-4CC6-3ECD-BD27-65529F599C29}
		{3071015E-4BEA-3913-B67A-F9FF74747864} = {3071015E-4BEA-3913-B67A-F9FF74747864}
		{3AA36E0D-2FB7-37FD-B12C-2809F67B820E} = {3AA36E0D-2FB7-37FD-B12C-2809F67B820E}
		{DA8CD584-5E2E-3261-A786-88F9CA128387} = {DA8CD584-5E2E-3261-A786-88F9CA128387}
		{8B5708A1-A5AA-3658-AE12-C9E0827070EC} = {8B5708A1-A5AA-3658-AE12-C9E0827070EC}
		{C711AD2E-0DD6-30E4-B147-00BB7FF421C9} = {C711AD2E-0DD6-30E4-B147-00BB7FF421C9}
		{381A55E7-33F1-3FDD-8BDD-6BF55746DC47} = {381A55E7-33F1-3FDD-8BDD-6BF55746DC47}
	EndProjectSection
EndProject
Project("{8BC9CEB8-8B4A-11D0-8D11-00A0C91BC942}") = "translations", "src\gui\translations.vcxproj", "{D757C919-214F-3DF6-AE44-B6E04461CFEE}"
	ProjectSection(ProjectDependencies) = postProject
		{3E6CCE5E-A4F2-36AF-B47B-D1015ACEA3A5} = {3E6CCE5E-A4F2-36AF-B47B-D1015ACEA3A5}
	EndProjectSection
EndProject
Project("{8BC9CEB8-8B4A-11D0-8D11-00A0C91BC942}") = "unittests", "src\test\unittests\unittests.vcxproj", "{63691D3F-5418-3095-B0BF-5A2160639615}"
	ProjectSection(ProjectDependencies) = postProject
		{3E6CCE5E-A4F2-36AF-B47B-D1015ACEA3A5} = {3E6CCE5E-A4F2-36AF-B47B-D1015ACEA3A5}
		{5672568C-9B5E-3552-A536-03B0B7E63A51} = {5672568C-9B5E-3552-A536-03B0B7E63A51}
		{C88B0FC3-9A23-3227-BAFB-D172FCB0C71B} = {C88B0FC3-9A23-3227-BAFB-D172FCB0C71B}
		{A7C0A304-5BDC-3BFA-9E94-4EE13D90625E} = {A7C0A304-5BDC-3BFA-9E94-4EE13D90625E}
		{E331B9AF-D0CF-3735-A436-1274E5225444} = {E331B9AF-D0CF-3735-A436-1274E5225444}
		{BCC0D559-007A-36F6-80E9-9A190DBF112F} = {BCC0D559-007A-36F6-80E9-9A190DBF112F}
		{15F016EF-7CCF-3C38-BEEB-1C9266720AE9} = {15F016EF-7CCF-3C38-BEEB-1C9266720AE9}
		{22B6BFC8-F395-31EF-B86A-219EA1F5BF9E} = {22B6BFC8-F395-31EF-B86A-219EA1F5BF9E}
		{9ADD3F11-4CC6-3ECD-BD27-65529F599C29} = {9ADD3F11-4CC6-3ECD-BD27-65529F599C29}
		{3071015E-4BEA-3913-B67A-F9FF74747864} = {3071015E-4BEA-3913-B67A-F9FF74747864}
		{3AA36E0D-2FB7-37FD-B12C-2809F67B820E} = {3AA36E0D-2FB7-37FD-B12C-2809F67B820E}
		{DA8CD584-5E2E-3261-A786-88F9CA128387} = {DA8CD584-5E2E-3261-A786-88F9CA128387}
		{8B5708A1-A5AA-3658-AE12-C9E0827070EC} = {8B5708A1-A5AA-3658-AE12-C9E0827070EC}
		{C711AD2E-0DD6-30E4-B147-00BB7FF421C9} = {C711AD2E-0DD6-30E4-B147-00BB7FF421C9}
		{381A55E7-33F1-3FDD-8BDD-6BF55746DC47} = {381A55E7-33F1-3FDD-8BDD-6BF55746DC47}
	EndProjectSection
EndProject
Global
	GlobalSection(SolutionConfigurationPlatforms) = preSolution
		Debug|x64 = Debug|x64
		Release|x64 = Release|x64
		MinSizeRel|x64 = MinSizeRel|x64
		RelWithDebInfo|x64 = RelWithDebInfo|x64
	EndGlobalSection
	GlobalSection(ProjectConfigurationPlatforms) = postSolution
		{251AB479-0CA8-3AB3-9537-F94F15C60633}.Debug|x64.ActiveCfg = Debug|x64
		{251AB479-0CA8-3AB3-9537-F94F15C60633}.Release|x64.ActiveCfg = Release|x64
		{251AB479-0CA8-3AB3-9537-F94F15C60633}.MinSizeRel|x64.ActiveCfg = MinSizeRel|x64
		{251AB479-0CA8-3AB3-9537-F94F15C60633}.RelWithDebInfo|x64.ActiveCfg = RelWithDebInfo|x64
		{3E6CCE5E-A4F2-36AF-B47B-D1015ACEA3A5}.Debug|x64.ActiveCfg = Debug|x64
		{3E6CCE5E-A4F2-36AF-B47B-D1015ACEA3A5}.Debug|x64.Build.0 = Debug|x64
		{3E6CCE5E-A4F2-36AF-B47B-D1015ACEA3A5}.Release|x64.ActiveCfg = Release|x64
		{3E6CCE5E-A4F2-36AF-B47B-D1015ACEA3A5}.Release|x64.Build.0 = Release|x64
		{3E6CCE5E-A4F2-36AF-B47B-D1015ACEA3A5}.MinSizeRel|x64.ActiveCfg = MinSizeRel|x64
		{3E6CCE5E-A4F2-36AF-B47B-D1015ACEA3A5}.MinSizeRel|x64.Build.0 = MinSizeRel|x64
		{3E6CCE5E-A4F2-36AF-B47B-D1015ACEA3A5}.RelWithDebInfo|x64.ActiveCfg = RelWithDebInfo|x64
		{3E6CCE5E-A4F2-36AF-B47B-D1015ACEA3A5}.RelWithDebInfo|x64.Build.0 = RelWithDebInfo|x64
		{5672568C-9B5E-3552-A536-03B0B7E63A51}.Debug|x64.ActiveCfg = Debug|x64
		{5672568C-9B5E-3552-A536-03B0B7E63A51}.Debug|x64.Build.0 = Debug|x64
		{5672568C-9B5E-3552-A536-03B0B7E63A51}.Release|x64.ActiveCfg = Release|x64
		{5672568C-9B5E-3552-A536-03B0B7E63A51}.Release|x64.Build.0 = Release|x64
		{5672568C-9B5E-3552-A536-03B0B7E63A51}.MinSizeRel|x64.ActiveCfg = MinSizeRel|x64
		{5672568C-9B5E-3552-A536-03B0B7E63A51}.MinSizeRel|x64.Build.0 = MinSizeRel|x64
		{5672568C-9B5E-3552-A536-03B0B7E63A51}.RelWithDebInfo|x64.ActiveCfg = RelWithDebInfo|x64
		{5672568C-9B5E-3552-A536-03B0B7E63A51}.RelWithDebInfo|x64.Build.0 = RelWithDebInfo|x64
		{C88B0FC3-9A23-3227-BAFB-D172FCB0C71B}.Debug|x64.ActiveCfg = Debug|x64
		{C88B0FC3-9A23-3227-BAFB-D172FCB0C71B}.Debug|x64.Build.0 = Debug|x64
		{C88B0FC3-9A23-3227-BAFB-D172FCB0C71B}.Release|x64.ActiveCfg = Release|x64
		{C88B0FC3-9A23-3227-BAFB-D172FCB0C71B}.Release|x64.Build.0 = Release|x64
		{C88B0FC3-9A23-3227-BAFB-D172FCB0C71B}.MinSizeRel|x64.ActiveCfg = MinSizeRel|x64
		{C88B0FC3-9A23-3227-BAFB-D172FCB0C71B}.MinSizeRel|x64.Build.0 = MinSizeRel|x64
		{C88B0FC3-9A23-3227-BAFB-D172FCB0C71B}.RelWithDebInfo|x64.ActiveCfg = RelWithDebInfo|x64
		{C88B0FC3-9A23-3227-BAFB-D172FCB0C71B}.RelWithDebInfo|x64.Build.0 = RelWithDebInfo|x64
		{A7C0A304-5BDC-3BFA-9E94-4EE13D90625E}.Debug|x64.ActiveCfg = Debug|x64
		{A7C0A304-5BDC-3BFA-9E94-4EE13D90625E}.Debug|x64.Build.0 = Debug|x64
		{A7C0A304-5BDC-3BFA-9E94-4EE13D90625E}.Release|x64.ActiveCfg = Release|x64
		{A7C0A304-5BDC-3BFA-9E94-4EE13D90625E}.Release|x64.Build.0 = Release|x64
		{A7C0A304-5BDC-3BFA-9E94-4EE13D90625E}.MinSizeRel|x64.ActiveCfg = MinSizeRel|x64
		{A7C0A304-5BDC-3BFA-9E94-4EE13D90625E}.MinSizeRel|x64.Build.0 = MinSizeRel|x64
		{A7C0A304-5BDC-3BFA-9E94-4EE13D90625E}.RelWithDebInfo|x64.ActiveCfg = RelWithDebInfo|x64
		{A7C0A304-5BDC-3BFA-9E94-4EE13D90625E}.RelWithDebInfo|x64.Build.0 = RelWithDebInfo|x64
		{E331B9AF-D0CF-3735-A436-1274E5225444}.Debug|x64.ActiveCfg = Debug|x64
		{E331B9AF-D0CF-3735-A436-1274E5225444}.Debug|x64.Build.0 = Debug|x64
		{E331B9AF-D0CF-3735-A436-1274E5225444}.Release|x64.ActiveCfg = Release|x64
		{E331B9AF-D0CF-3735-A436-1274E5225444}.Release|x64.Build.0 = Release|x64
		{E331B9AF-D0CF-3735-A436-1274E5225444}.MinSizeRel|x64.ActiveCfg = MinSizeRel|x64
		{E331B9AF-D0CF-3735-A436-1274E5225444}.MinSizeRel|x64.Build.0 = MinSizeRel|x64
		{E331B9AF-D0CF-3735-A436-1274E5225444}.RelWithDebInfo|x64.ActiveCfg = RelWithDebInfo|x64
		{E331B9AF-D0CF-3735-A436-1274E5225444}.RelWithDebInfo|x64.Build.0 = RelWithDebInfo|x64
		{BCC0D559-007A-36F6-80E9-9A190DBF112F}.Debug|x64.ActiveCfg = Debug|x64
		{BCC0D559-007A-36F6-80E9-9A190DBF112F}.Debug|x64.Build.0 = Debug|x64
		{BCC0D559-007A-36F6-80E9-9A190DBF112F}.Release|x64.ActiveCfg = Release|x64
		{BCC0D559-007A-36F6-80E9-9A190DBF112F}.Release|x64.Build.0 = Release|x64
		{BCC0D559-007A-36F6-80E9-9A190DBF112F}.MinSizeRel|x64.ActiveCfg = MinSizeRel|x64
		{BCC0D559-007A-36F6-80E9-9A190DBF112F}.MinSizeRel|x64.Build.0 = MinSizeRel|x64
		{BCC0D559-007A-36F6-80E9-9A190DBF112F}.RelWithDebInfo|x64.ActiveCfg = RelWithDebInfo|x64
		{BCC0D559-007A-36F6-80E9-9A190DBF112F}.RelWithDebInfo|x64.Build.0 = RelWithDebInfo|x64
		{15F016EF-7CCF-3C38-BEEB-1C9266720AE9}.Debug|x64.ActiveCfg = Debug|x64
		{15F016EF-7CCF-3C38-BEEB-1C9266720AE9}.Debug|x64.Build.0 = Debug|x64
		{15F016EF-7CCF-3C38-BEEB-1C9266720AE9}.Release|x64.ActiveCfg = Release|x64
		{15F016EF-7CCF-3C38-BEEB-1C9266720AE9}.Release|x64.Build.0 = Release|x64
		{15F016EF-7CCF-3C38-BEEB-1C9266720AE9}.MinSizeRel|x64.ActiveCfg = MinSizeRel|x64
		{15F016EF-7CCF-3C38-BEEB-1C9266720AE9}.MinSizeRel|x64.Build.0 = MinSizeRel|x64
		{15F016EF-7CCF-3C38-BEEB-1C9266720AE9}.RelWithDebInfo|x64.ActiveCfg = RelWithDebInfo|x64
		{15F016EF-7CCF-3C38-BEEB-1C9266720AE9}.RelWithDebInfo|x64.Build.0 = RelWithDebInfo|x64
		{0ABEB91F-269C-3891-BB67-C84D26AEF28B}.Debug|x64.ActiveCfg = Debug|x64
		{0ABEB91F-269C-3891-BB67-C84D26AEF28B}.Debug|x64.Build.0 = Debug|x64
		{0ABEB91F-269C-3891-BB67-C84D26AEF28B}.Release|x64.ActiveCfg = Release|x64
		{0ABEB91F-269C-3891-BB67-C84D26AEF28B}.Release|x64.Build.0 = Release|x64
		{0ABEB91F-269C-3891-BB67-C84D26AEF28B}.MinSizeRel|x64.ActiveCfg = MinSizeRel|x64
		{0ABEB91F-269C-3891-BB67-C84D26AEF28B}.MinSizeRel|x64.Build.0 = MinSizeRel|x64
		{0ABEB91F-269C-3891-BB67-C84D26AEF28B}.RelWithDebInfo|x64.ActiveCfg = RelWithDebInfo|x64
		{0ABEB91F-269C-3891-BB67-C84D26AEF28B}.RelWithDebInfo|x64.Build.0 = RelWithDebInfo|x64
		{22B6BFC8-F395-31EF-B86A-219EA1F5BF9E}.Debug|x64.ActiveCfg = Debug|x64
		{22B6BFC8-F395-31EF-B86A-219EA1F5BF9E}.Debug|x64.Build.0 = Debug|x64
		{22B6BFC8-F395-31EF-B86A-219EA1F5BF9E}.Release|x64.ActiveCfg = Release|x64
		{22B6BFC8-F395-31EF-B86A-219EA1F5BF9E}.Release|x64.Build.0 = Release|x64
		{22B6BFC8-F395-31EF-B86A-219EA1F5BF9E}.MinSizeRel|x64.ActiveCfg = MinSizeRel|x64
		{22B6BFC8-F395-31EF-B86A-219EA1F5BF9E}.MinSizeRel|x64.Build.0 = MinSizeRel|x64
		{22B6BFC8-F395-31EF-B86A-219EA1F5BF9E}.RelWithDebInfo|x64.ActiveCfg = RelWithDebInfo|x64
		{22B6BFC8-F395-31EF-B86A-219EA1F5BF9E}.RelWithDebInfo|x64.Build.0 = RelWithDebInfo|x64
		{9ADD3F11-4CC6-3ECD-BD27-65529F599C29}.Debug|x64.ActiveCfg = Debug|x64
		{9ADD3F11-4CC6-3ECD-BD27-65529F599C29}.Debug|x64.Build.0 = Debug|x64
		{9ADD3F11-4CC6-3ECD-BD27-65529F599C29}.Release|x64.ActiveCfg = Release|x64
		{9ADD3F11-4CC6-3ECD-BD27-65529F599C29}.Release|x64.Build.0 = Release|x64
		{9ADD3F11-4CC6-3ECD-BD27-65529F599C29}.MinSizeRel|x64.ActiveCfg = MinSizeRel|x64
		{9ADD3F11-4CC6-3ECD-BD27-65529F599C29}.MinSizeRel|x64.Build.0 = MinSizeRel|x64
		{9ADD3F11-4CC6-3ECD-BD27-65529F599C29}.RelWithDebInfo|x64.ActiveCfg = RelWithDebInfo|x64
		{9ADD3F11-4CC6-3ECD-BD27-65529F599C29}.RelWithDebInfo|x64.Build.0 = RelWithDebInfo|x64
		{3071015E-4BEA-3913-B67A-F9FF74747864}.Debug|x64.ActiveCfg = Debug|x64
		{3071015E-4BEA-3913-B67A-F9FF74747864}.Debug|x64.Build.0 = Debug|x64
		{3071015E-4BEA-3913-B67A-F9FF74747864}.Release|x64.ActiveCfg = Release|x64
		{3071015E-4BEA-3913-B67A-F9FF74747864}.Release|x64.Build.0 = Release|x64
		{3071015E-4BEA-3913-B67A-F9FF74747864}.MinSizeRel|x64.ActiveCfg = MinSizeRel|x64
		{3071015E-4BEA-3913-B67A-F9FF74747864}.MinSizeRel|x64.Build.0 = MinSizeRel|x64
		{3071015E-4BEA-3913-B67A-F9FF74747864}.RelWithDebInfo|x64.ActiveCfg = RelWithDebInfo|x64
		{3071015E-4BEA-3913-B67A-F9FF74747864}.RelWithDebInfo|x64.Build.0 = RelWithDebInfo|x64
		{3AA36E0D-2FB7-37FD-B12C-2809F67B820E}.Debug|x64.ActiveCfg = Debug|x64
		{3AA36E0D-2FB7-37FD-B12C-2809F67B820E}.Debug|x64.Build.0 = Debug|x64
		{3AA36E0D-2FB7-37FD-B12C-2809F67B820E}.Release|x64.ActiveCfg = Release|x64
		{3AA36E0D-2FB7-37FD-B12C-2809F67B820E}.Release|x64.Build.0 = Release|x64
		{3AA36E0D-2FB7-37FD-B12C-2809F67B820E}.MinSizeRel|x64.ActiveCfg = MinSizeRel|x64
		{3AA36E0D-2FB7-37FD-B12C-2809F67B820E}.MinSizeRel|x64.Build.0 = MinSizeRel|x64
		{3AA36E0D-2FB7-37FD-B12C-2809F67B820E}.RelWithDebInfo|x64.ActiveCfg = RelWithDebInfo|x64
		{3AA36E0D-2FB7-37FD-B12C-2809F67B820E}.RelWithDebInfo|x64.Build.0 = RelWithDebInfo|x64
		{DA8CD584-5E2E-3261-A786-88F9CA128387}.Debug|x64.ActiveCfg = Debug|x64
		{DA8CD584-5E2E-3261-A786-88F9CA128387}.Debug|x64.Build.0 = Debug|x64
		{DA8CD584-5E2E-3261-A786-88F9CA128387}.Release|x64.ActiveCfg = Release|x64
		{DA8CD584-5E2E-3261-A786-88F9CA128387}.Release|x64.Build.0 = Release|x64
		{DA8CD584-5E2E-3261-A786-88F9CA128387}.MinSizeRel|x64.ActiveCfg = MinSizeRel|x64
		{DA8CD584-5E2E-3261-A786-88F9CA128387}.MinSizeRel|x64.Build.0 = MinSizeRel|x64
		{DA8CD584-5E2E-3261-A786-88F9CA128387}.RelWithDebInfo|x64.ActiveCfg = RelWithDebInfo|x64
		{DA8CD584-5E2E-3261-A786-88F9CA128387}.RelWithDebInfo|x64.Build.0 = RelWithDebInfo|x64
		{8B5708A1-A5AA-3658-AE12-C9E0827070EC}.Debug|x64.ActiveCfg = Debug|x64
		{8B5708A1-A5AA-3658-AE12-C9E0827070EC}.Debug|x64.Build.0 = Debug|x64
		{8B5708A1-A5AA-3658-AE12-C9E0827070EC}.Release|x64.ActiveCfg = Release|x64
		{8B5708A1-A5AA-3658-AE12-C9E0827070EC}.Release|x64.Build.0 = Release|x64
		{8B5708A1-A5AA-3658-AE12-C9E0827070EC}.MinSizeRel|x64.ActiveCfg = MinSizeRel|x64
		{8B5708A1-A5AA-3658-AE12-C9E0827070EC}.MinSizeRel|x64.Build.0 = MinSizeRel|x64
		{8B5708A1-A5AA-3658-AE12-C9E0827070EC}.RelWithDebInfo|x64.ActiveCfg = RelWithDebInfo|x64
		{8B5708A1-A5AA-3658-AE12-C9E0827070EC}.RelWithDebInfo|x64.Build.0 = RelWithDebInfo|x64
		{C711AD2E-0DD6-30E4-B147-00BB7FF421C9}.Debug|x64.ActiveCfg = Debug|x64
		{C711AD2E-0DD6-30E4-B147-00BB7FF421C9}.Debug|x64.Build.0 = Debug|x64
		{C711AD2E-0DD6-30E4-B147-00BB7FF421C9}.Release|x64.ActiveCfg = Release|x64
		{C711AD2E-0DD6-30E4-B147-00BB7FF421C9}.Release|x64.Build.0 = Release|x64
		{C711AD2E-0DD6-30E4-B147-00BB7FF421C9}.MinSizeRel|x64.ActiveCfg = MinSizeRel|x64
		{C711AD2E-0DD6-30E4-B147-00BB7FF421C9}.MinSizeRel|x64.Build.0 = MinSizeRel|x64
		{C711AD2E-0DD6-30E4-B147-00BB7FF421C9}.RelWithDebInfo|x64.ActiveCfg = RelWithDebInfo|x64
		{C711AD2E-0DD6-30E4-B147-00BB7FF421C9}.RelWithDebInfo|x64.Build.0 = RelWithDebInfo|x64
		{C31D39A0-46C7-31B2-8E29-3EF76DDE6511}.Debug|x64.ActiveCfg = Debug|x64
		{C31D39A0-46C7-31B2-8E29-3EF76DDE6511}.Debug|x64.Build.0 = Debug|x64
		{C31D39A0-46C7-31B2-8E29-3EF76DDE6511}.Release|x64.ActiveCfg = Release|x64
		{C31D39A0-46C7-31B2-8E29-3EF76DDE6511}.Release|x64.Build.0 = Release|x64
		{C31D39A0-46C7-31B2-8E29-3EF76DDE6511}.MinSizeRel|x64.ActiveCfg = MinSizeRel|x64
		{C31D39A0-46C7-31B2-8E29-3EF76DDE6511}.MinSizeRel|x64.Build.0 = MinSizeRel|x64
		{C31D39A0-46C7-31B2-8E29-3EF76DDE6511}.RelWithDebInfo|x64.ActiveCfg = RelWithDebInfo|x64
		{C31D39A0-46C7-31B2-8E29-3EF76DDE6511}.RelWithDebInfo|x64.Build.0 = RelWithDebInfo|x64
		{89307862-BFE1-3F61-B13A-7CF50FFFEC73}.Debug|x64.ActiveCfg = Debug|x64
		{89307862-BFE1-3F61-B13A-7CF50FFFEC73}.Debug|x64.Build.0 = Debug|x64
		{89307862-BFE1-3F61-B13A-7CF50FFFEC73}.Release|x64.ActiveCfg = Release|x64
		{89307862-BFE1-3F61-B13A-7CF50FFFEC73}.Release|x64.Build.0 = Release|x64
		{89307862-BFE1-3F61-B13A-7CF50FFFEC73}.MinSizeRel|x64.ActiveCfg = MinSizeRel|x64
		{89307862-BFE1-3F61-B13A-7CF50FFFEC73}.MinSizeRel|x64.Build.0 = MinSizeRel|x64
		{89307862-BFE1-3F61-B13A-7CF50FFFEC73}.RelWithDebInfo|x64.ActiveCfg = RelWithDebInfo|x64
		{89307862-BFE1-3F61-B13A-7CF50FFFEC73}.RelWithDebInfo|x64.Build.0 = RelWithDebInfo|x64
		{6B035707-630A-36A8-AB44-352BFF8114C2}.Debug|x64.ActiveCfg = Debug|x64
		{6B035707-630A-36A8-AB44-352BFF8114C2}.Debug|x64.Build.0 = Debug|x64
		{6B035707-630A-36A8-AB44-352BFF8114C2}.Release|x64.ActiveCfg = Release|x64
		{6B035707-630A-36A8-AB44-352BFF8114C2}.Release|x64.Build.0 = Release|x64
		{6B035707-630A-36A8-AB44-352BFF8114C2}.MinSizeRel|x64.ActiveCfg = MinSizeRel|x64
		{6B035707-630A-36A8-AB44-352BFF8114C2}.MinSizeRel|x64.Build.0 = MinSizeRel|x64
		{6B035707-630A-36A8-AB44-352BFF8114C2}.RelWithDebInfo|x64.ActiveCfg = RelWithDebInfo|x64
		{6B035707-630A-36A8-AB44-352BFF8114C2}.RelWithDebInfo|x64.Build.0 = RelWithDebInfo|x64
		{F2FA40F1-09B1-3B64-80FD-4204469F8944}.Debug|x64.ActiveCfg = Debug|x64
		{F2FA40F1-09B1-3B64-80FD-4204469F8944}.Debug|x64.Build.0 = Debug|x64
		{F2FA40F1-09B1-3B64-80FD-4204469F8944}.Release|x64.ActiveCfg = Release|x64
		{F2FA40F1-09B1-3B64-80FD-4204469F8944}.Release|x64.Build.0 = Release|x64
		{F2FA40F1-09B1-3B64-80FD-4204469F8944}.MinSizeRel|x64.ActiveCfg = MinSizeRel|x64
		{F2FA40F1-09B1-3B64-80FD-4204469F8944}.MinSizeRel|x64.Build.0 = MinSizeRel|x64
		{F2FA40F1-09B1-3B64-80FD-4204469F8944}.RelWithDebInfo|x64.ActiveCfg = RelWithDebInfo|x64
		{F2FA40F1-09B1-3B64-80FD-4204469F8944}.RelWithDebInfo|x64.Build.0 = RelWithDebInfo|x64
		{381A55E7-33F1-3FDD-8BDD-6BF55746DC47}.Debug|x64.ActiveCfg = Debug|x64
		{381A55E7-33F1-3FDD-8BDD-6BF55746DC47}.Debug|x64.Build.0 = Debug|x64
		{381A55E7-33F1-3FDD-8BDD-6BF55746DC47}.Release|x64.ActiveCfg = Release|x64
		{381A55E7-33F1-3FDD-8BDD-6BF55746DC47}.Release|x64.Build.0 = Release|x64
		{381A55E7-33F1-3FDD-8BDD-6BF55746DC47}.MinSizeRel|x64.ActiveCfg = MinSizeRel|x64
		{381A55E7-33F1-3FDD-8BDD-6BF55746DC47}.MinSizeRel|x64.Build.0 = MinSizeRel|x64
		{381A55E7-33F1-3FDD-8BDD-6BF55746DC47}.RelWithDebInfo|x64.ActiveCfg = RelWithDebInfo|x64
		{381A55E7-33F1-3FDD-8BDD-6BF55746DC47}.RelWithDebInfo|x64.Build.0 = RelWithDebInfo|x64
		{3A338781-6298-30BC-B73F-91A7DE408913}.Debug|x64.ActiveCfg = Debug|x64
		{3A338781-6298-30BC-B73F-91A7DE408913}.Debug|x64.Build.0 = Debug|x64
		{3A338781-6298-30BC-B73F-91A7DE408913}.Release|x64.ActiveCfg = Release|x64
		{3A338781-6298-30BC-B73F-91A7DE408913}.Release|x64.Build.0 = Release|x64
		{3A338781-6298-30BC-B73F-91A7DE408913}.MinSizeRel|x64.ActiveCfg = MinSizeRel|x64
		{3A338781-6298-30BC-B73F-91A7DE408913}.MinSizeRel|x64.Build.0 = MinSizeRel|x64
		{3A338781-6298-30BC-B73F-91A7DE408913}.RelWithDebInfo|x64.ActiveCfg = RelWithDebInfo|x64
		{3A338781-6298-30BC-B73F-91A7DE408913}.RelWithDebInfo|x64.Build.0 = RelWithDebInfo|x64
		{D757C919-214F-3DF6-AE44-B6E04461CFEE}.Debug|x64.ActiveCfg = Debug|x64
		{D757C919-214F-3DF6-AE44-B6E04461CFEE}.Debug|x64.Build.0 = Debug|x64
		{D757C919-214F-3DF6-AE44-B6E04461CFEE}.Release|x64.ActiveCfg = Release|x64
		{D757C919-214F-3DF6-AE44-B6E04461CFEE}.Release|x64.Build.0 = Release|x64
		{D757C919-214F-3DF6-AE44-B6E04461CFEE}.MinSizeRel|x64.ActiveCfg = MinSizeRel|x64
		{D757C919-214F-3DF6-AE44-B6E04461CFEE}.MinSizeRel|x64.Build.0 = MinSizeRel|x64
		{D757C919-214F-3DF6-AE44-B6E04461CFEE}.RelWithDebInfo|x64.ActiveCfg = RelWithDebInfo|x64
		{D757C919-214F-3DF6-AE44-B6E04461CFEE}.RelWithDebInfo|x64.Build.0 = RelWithDebInfo|x64
		{63691D3F-5418-3095-B0BF-5A2160639615}.Debug|x64.ActiveCfg = Debug|x64
		{63691D3F-5418-3095-B0BF-5A2160639615}.Debug|x64.Build.0 = Debug|x64
		{63691D3F-5418-3095-B0BF-5A2160639615}.Release|x64.ActiveCfg = Release|x64
		{63691D3F-5418-3095-B0BF-5A2160639615}.Release|x64.Build.0 = Release|x64
		{63691D3F-5418-3095-B0BF-5A2160639615}.MinSizeRel|x64.ActiveCfg = MinSizeRel|x64
		{63691D3F-5418-3095-B0BF-5A2160639615}.MinSizeRel|x64.Build.0 = MinSizeRel|x64
		{63691D3F-5418-3095-B0BF-5A2160639615}.RelWithDebInfo|x64.ActiveCfg = RelWithDebInfo|x64
		{63691D3F-5418-3095-B0BF-5A2160639615}.RelWithDebInfo|x64.Build.0 = RelWithDebInfo|x64
	EndGlobalSection
	GlobalSection(ExtensibilityGlobals) = postSolution
		SolutionGuid = {0155F967-E501-308C-ACA1-7BC04AB33851}
	EndGlobalSection
	GlobalSection(ExtensibilityAddIns) = postSolution
	EndGlobalSection
EndGlobal
