<?xml version="1.0" encoding="utf-8"?>
<Project ToolsVersion="16.0" xmlns="http://schemas.microsoft.com/developer/msbuild/2003">
  <ItemGroup>
    <ClCompile Include="E:\Projects\GitLab\synergy-core\src\lib\platform\MSWindowsClipboard.cpp">
      <Filter>Source Files</Filter>
    </ClCompile>
    <ClCompile Include="E:\Projects\GitLab\synergy-core\src\lib\platform\MSWindowsClipboardAnyTextConverter.cpp">
      <Filter>Source Files</Filter>
    </ClCompile>
    <ClCompile Include="E:\Projects\GitLab\synergy-core\src\lib\platform\MSWindowsClipboardBitmapConverter.cpp">
      <Filter>Source Files</Filter>
    </ClCompile>
    <ClCompile Include="E:\Projects\GitLab\synergy-core\src\lib\platform\MSWindowsClipboardFacade.cpp">
      <Filter>Source Files</Filter>
    </ClCompile>
    <ClCompile Include="E:\Projects\GitLab\synergy-core\src\lib\platform\MSWindowsClipboardHTMLConverter.cpp">
      <Filter>Source Files</Filter>
    </ClCompile>
    <ClCompile Include="E:\Projects\GitLab\synergy-core\src\lib\platform\MSWindowsClipboardTextConverter.cpp">
      <Filter>Source Files</Filter>
    </ClCompile>
    <ClCompile Include="E:\Projects\GitLab\synergy-core\src\lib\platform\MSWindowsClipboardUTF16Converter.cpp">
      <Filter>Source Files</Filter>
    </ClCompile>
    <ClCompile Include="E:\Projects\GitLab\synergy-core\src\lib\platform\MSWindowsDebugOutputter.cpp">
      <Filter>Source Files</Filter>
    </ClCompile>
    <ClCompile Include="E:\Projects\GitLab\synergy-core\src\lib\platform\MSWindowsDesks.cpp">
      <Filter>Source Files</Filter>
    </ClCompile>
    <ClCompile Include="E:\Projects\GitLab\synergy-core\src\lib\platform\MSWindowsDropTarget.cpp">
      <Filter>Source Files</Filter>
    </ClCompile>
    <ClCompile Include="E:\Projects\GitLab\synergy-core\src\lib\platform\MSWindowsEventQueueBuffer.cpp">
      <Filter>Source Files</Filter>
    </ClCompile>
    <ClCompile Include="E:\Projects\GitLab\synergy-core\src\lib\platform\MSWindowsHook.cpp">
      <Filter>Source Files</Filter>
    </ClCompile>
    <ClCompile Include="E:\Projects\GitLab\synergy-core\src\lib\platform\MSWindowsKeyState.cpp">
      <Filter>Source Files</Filter>
    </ClCompile>
    <ClCompile Include="E:\Projects\GitLab\synergy-core\src\lib\platform\MSWindowsPowerManager.cpp">
      <Filter>Source Files</Filter>
    </ClCompile>
    <ClCompile Include="E:\Projects\GitLab\synergy-core\src\lib\platform\MSWindowsScreen.cpp">
      <Filter>Source Files</Filter>
    </ClCompile>
    <ClCompile Include="E:\Projects\GitLab\synergy-core\src\lib\platform\MSWindowsScreenSaver.cpp">
      <Filter>Source Files</Filter>
    </ClCompile>
    <ClCompile Include="E:\Projects\GitLab\synergy-core\src\lib\platform\MSWindowsSession.cpp">
      <Filter>Source Files</Filter>
    </ClCompile>
    <ClCompile Include="E:\Projects\GitLab\synergy-core\src\lib\platform\MSWindowsUtil.cpp">
      <Filter>Source Files</Filter>
    </ClCompile>
    <ClCompile Include="E:\Projects\GitLab\synergy-core\src\lib\platform\MSWindowsWatchdog.cpp">
      <Filter>Source Files</Filter>
    </ClCompile>
  </ItemGroup>
  <ItemGroup>
    <ClInclude Include="E:\Projects\GitLab\synergy-core\src\lib\platform\MSWindowsClipboard.h">
      <Filter>Header Files</Filter>
    </ClInclude>
    <ClInclude Include="E:\Projects\GitLab\synergy-core\src\lib\platform\MSWindowsClipboardAnyTextConverter.h">
      <Filter>Header Files</Filter>
    </ClInclude>
    <ClInclude Include="E:\Projects\GitLab\synergy-core\src\lib\platform\MSWindowsClipboardBitmapConverter.h">
      <Filter>Header Files</Filter>
    </ClInclude>
    <ClInclude Include="E:\Projects\GitLab\synergy-core\src\lib\platform\MSWindowsClipboardFacade.h">
      <Filter>Header Files</Filter>
    </ClInclude>
    <ClInclude Include="E:\Projects\GitLab\synergy-core\src\lib\platform\MSWindowsClipboardHTMLConverter.h">
      <Filter>Header Files</Filter>
    </ClInclude>
    <ClInclude Include="E:\Projects\GitLab\synergy-core\src\lib\platform\MSWindowsClipboardTextConverter.h">
      <Filter>Header Files</Filter>
    </ClInclude>
    <ClInclude Include="E:\Projects\GitLab\synergy-core\src\lib\platform\MSWindowsClipboardUTF16Converter.h">
      <Filter>Header Files</Filter>
    </ClInclude>
    <ClInclude Include="E:\Projects\GitLab\synergy-core\src\lib\platform\MSWindowsDebugOutputter.h">
      <Filter>Header Files</Filter>
    </ClInclude>
    <ClInclude Include="E:\Projects\GitLab\synergy-core\src\lib\platform\MSWindowsDesks.h">
      <Filter>Header Files</Filter>
    </ClInclude>
    <ClInclude Include="E:\Projects\GitLab\synergy-core\src\lib\platform\MSWindowsDropTarget.h">
      <Filter>Header Files</Filter>
    </ClInclude>
    <ClInclude Include="E:\Projects\GitLab\synergy-core\src\lib\platform\MSWindowsEventQueueBuffer.h">
      <Filter>Header Files</Filter>
    </ClInclude>
    <ClInclude Include="E:\Projects\GitLab\synergy-core\src\lib\platform\MSWindowsHook.h">
      <Filter>Header Files</Filter>
    </ClInclude>
    <ClInclude Include="E:\Projects\GitLab\synergy-core\src\lib\platform\MSWindowsKeyState.h">
      <Filter>Header Files</Filter>
    </ClInclude>
    <ClInclude Include="E:\Projects\GitLab\synergy-core\src\lib\platform\MSWindowsPowerManager.h">
      <Filter>Header Files</Filter>
    </ClInclude>
    <ClInclude Include="E:\Projects\GitLab\synergy-core\src\lib\platform\MSWindowsScreen.h">
      <Filter>Header Files</Filter>
    </ClInclude>
    <ClInclude Include="E:\Projects\GitLab\synergy-core\src\lib\platform\MSWindowsScreenSaver.h">
      <Filter>Header Files</Filter>
    </ClInclude>
    <ClInclude Include="E:\Projects\GitLab\synergy-core\src\lib\platform\MSWindowsSession.h">
      <Filter>Header Files</Filter>
    </ClInclude>
    <ClInclude Include="E:\Projects\GitLab\synergy-core\src\lib\platform\MSWindowsUtil.h">
      <Filter>Header Files</Filter>
    </ClInclude>
    <ClInclude Include="E:\Projects\GitLab\synergy-core\src\lib\platform\MSWindowsWatchdog.h">
      <Filter>Header Files</Filter>
    </ClInclude>
  </ItemGroup>
  <ItemGroup>
    <CustomBuild Include="E:\Projects\GitLab\synergy-core\src\lib\platform\CMakeLists.txt" />
  </ItemGroup>
  <ItemGroup>
    <Filter Include="Header Files">
      <UniqueIdentifier>{76F079B1-9388-3AFD-B524-7B22A3AECB0B}</UniqueIdentifier>
    </Filter>
    <Filter Include="Source Files">
      <UniqueIdentifier>{D3493FF3-2B6F-306D-94BF-2A1F22F98542}</UniqueIdentifier>
    </Filter>
  </ItemGroup>
</Project>
