<?xml version="1.0" encoding="utf-8"?>
<Project ToolsVersion="16.0" xmlns="http://schemas.microsoft.com/developer/msbuild/2003">
  <ItemGroup>
    <ClCompile Include="E:\Projects\GitLab\synergy-core\src\lib\base\Event.cpp">
      <Filter>Source Files</Filter>
    </ClCompile>
    <ClCompile Include="E:\Projects\GitLab\synergy-core\src\lib\base\EventQueue.cpp">
      <Filter>Source Files</Filter>
    </ClCompile>
    <ClCompile Include="E:\Projects\GitLab\synergy-core\src\lib\base\EventTypes.cpp">
      <Filter>Source Files</Filter>
    </ClCompile>
    <ClCompile Include="E:\Projects\GitLab\synergy-core\src\lib\base\FunctionEventJob.cpp">
      <Filter>Source Files</Filter>
    </ClCompile>
    <ClCompile Include="E:\Projects\GitLab\synergy-core\src\lib\base\FunctionJob.cpp">
      <Filter>Source Files</Filter>
    </ClCompile>
    <ClCompile Include="E:\Projects\GitLab\synergy-core\src\lib\base\Log.cpp">
      <Filter>Source Files</Filter>
    </ClCompile>
    <ClCompile Include="E:\Projects\GitLab\synergy-core\src\lib\base\Path.cpp">
      <Filter>Source Files</Filter>
    </ClCompile>
    <ClCompile Include="E:\Projects\GitLab\synergy-core\src\lib\base\SimpleEventQueueBuffer.cpp">
      <Filter>Source Files</Filter>
    </ClCompile>
    <ClCompile Include="E:\Projects\GitLab\synergy-core\src\lib\base\Stopwatch.cpp">
      <Filter>Source Files</Filter>
    </ClCompile>
    <ClCompile Include="E:\Projects\GitLab\synergy-core\src\lib\base\String.cpp">
      <Filter>Source Files</Filter>
    </ClCompile>
    <ClCompile Include="E:\Projects\GitLab\synergy-core\src\lib\base\Unicode.cpp">
      <Filter>Source Files</Filter>
    </ClCompile>
    <ClCompile Include="E:\Projects\GitLab\synergy-core\src\lib\base\XBase.cpp">
      <Filter>Source Files</Filter>
    </ClCompile>
    <ClCompile Include="E:\Projects\GitLab\synergy-core\src\lib\base\log_outputters.cpp">
      <Filter>Source Files</Filter>
    </ClCompile>
  </ItemGroup>
  <ItemGroup>
    <ClInclude Include="E:\Projects\GitLab\synergy-core\src\lib\base\ELevel.h">
      <Filter>Header Files</Filter>
    </ClInclude>
    <ClInclude Include="E:\Projects\GitLab\synergy-core\src\lib\base\Event.h">
      <Filter>Header Files</Filter>
    </ClInclude>
    <ClInclude Include="E:\Projects\GitLab\synergy-core\src\lib\base\EventQueue.h">
      <Filter>Header Files</Filter>
    </ClInclude>
    <ClInclude Include="E:\Projects\GitLab\synergy-core\src\lib\base\EventTypes.h">
      <Filter>Header Files</Filter>
    </ClInclude>
    <ClInclude Include="E:\Projects\GitLab\synergy-core\src\lib\base\FunctionEventJob.h">
      <Filter>Header Files</Filter>
    </ClInclude>
    <ClInclude Include="E:\Projects\GitLab\synergy-core\src\lib\base\FunctionJob.h">
      <Filter>Header Files</Filter>
    </ClInclude>
    <ClInclude Include="E:\Projects\GitLab\synergy-core\src\lib\base\IEventJob.h">
      <Filter>Header Files</Filter>
    </ClInclude>
    <ClInclude Include="E:\Projects\GitLab\synergy-core\src\lib\base\IEventQueue.h">
      <Filter>Header Files</Filter>
    </ClInclude>
    <ClInclude Include="E:\Projects\GitLab\synergy-core\src\lib\base\IEventQueueBuffer.h">
      <Filter>Header Files</Filter>
    </ClInclude>
    <ClInclude Include="E:\Projects\GitLab\synergy-core\src\lib\base\IJob.h">
      <Filter>Header Files</Filter>
    </ClInclude>
    <ClInclude Include="E:\Projects\GitLab\synergy-core\src\lib\base\ILogOutputter.h">
      <Filter>Header Files</Filter>
    </ClInclude>
    <ClInclude Include="E:\Projects\GitLab\synergy-core\src\lib\base\Log.h">
      <Filter>Header Files</Filter>
    </ClInclude>
    <ClInclude Include="E:\Projects\GitLab\synergy-core\src\lib\base\Path.h">
      <Filter>Header Files</Filter>
    </ClInclude>
    <ClInclude Include="E:\Projects\GitLab\synergy-core\src\lib\base\PriorityQueue.h">
      <Filter>Header Files</Filter>
    </ClInclude>
    <ClInclude Include="E:\Projects\GitLab\synergy-core\src\lib\base\SimpleEventQueueBuffer.h">
      <Filter>Header Files</Filter>
    </ClInclude>
    <ClInclude Include="E:\Projects\GitLab\synergy-core\src\lib\base\Stopwatch.h">
      <Filter>Header Files</Filter>
    </ClInclude>
    <ClInclude Include="E:\Projects\GitLab\synergy-core\src\lib\base\String.h">
      <Filter>Header Files</Filter>
    </ClInclude>
    <ClInclude Include="E:\Projects\GitLab\synergy-core\src\lib\base\TMethodEventJob.h">
      <Filter>Header Files</Filter>
    </ClInclude>
    <ClInclude Include="E:\Projects\GitLab\synergy-core\src\lib\base\TMethodJob.h">
      <Filter>Header Files</Filter>
    </ClInclude>
    <ClInclude Include="E:\Projects\GitLab\synergy-core\src\lib\base\Unicode.h">
      <Filter>Header Files</Filter>
    </ClInclude>
    <ClInclude Include="E:\Projects\GitLab\synergy-core\src\lib\base\XBase.h">
      <Filter>Header Files</Filter>
    </ClInclude>
    <ClInclude Include="E:\Projects\GitLab\synergy-core\src\lib\base\log_outputters.h">
      <Filter>Header Files</Filter>
    </ClInclude>
  </ItemGroup>
  <ItemGroup>
    <CustomBuild Include="E:\Projects\GitLab\synergy-core\src\lib\base\CMakeLists.txt" />
  </ItemGroup>
  <ItemGroup>
    <Filter Include="Header Files">
      <UniqueIdentifier>{76F079B1-9388-3AFD-B524-7B22A3AECB0B}</UniqueIdentifier>
    </Filter>
    <Filter Include="Source Files">
      <UniqueIdentifier>{D3493FF3-2B6F-306D-94BF-2A1F22F98542}</UniqueIdentifier>
    </Filter>
  </ItemGroup>
</Project>
