<?xml version="1.0" encoding="utf-8"?>
<Project ToolsVersion="16.0" xmlns="http://schemas.microsoft.com/developer/msbuild/2003">
  <ItemGroup>
    <ClCompile Include="E:\Projects\GitLab\synergy-core\src\lib\server\BaseClientProxy.cpp">
      <Filter>Source Files</Filter>
    </ClCompile>
    <ClCompile Include="E:\Projects\GitLab\synergy-core\src\lib\server\ClientListener.cpp">
      <Filter>Source Files</Filter>
    </ClCompile>
    <ClCompile Include="E:\Projects\GitLab\synergy-core\src\lib\server\ClientProxy.cpp">
      <Filter>Source Files</Filter>
    </ClCompile>
    <ClCompile Include="E:\Projects\GitLab\synergy-core\src\lib\server\ClientProxy1_0.cpp">
      <Filter>Source Files</Filter>
    </ClCompile>
    <ClCompile Include="E:\Projects\GitLab\synergy-core\src\lib\server\ClientProxy1_1.cpp">
      <Filter>Source Files</Filter>
    </ClCompile>
    <ClCompile Include="E:\Projects\GitLab\synergy-core\src\lib\server\ClientProxy1_2.cpp">
      <Filter>Source Files</Filter>
    </ClCompile>
    <ClCompile Include="E:\Projects\GitLab\synergy-core\src\lib\server\ClientProxy1_3.cpp">
      <Filter>Source Files</Filter>
    </ClCompile>
    <ClCompile Include="E:\Projects\GitLab\synergy-core\src\lib\server\ClientProxy1_4.cpp">
      <Filter>Source Files</Filter>
    </ClCompile>
    <ClCompile Include="E:\Projects\GitLab\synergy-core\src\lib\server\ClientProxy1_5.cpp">
      <Filter>Source Files</Filter>
    </ClCompile>
    <ClCompile Include="E:\Projects\GitLab\synergy-core\src\lib\server\ClientProxy1_6.cpp">
      <Filter>Source Files</Filter>
    </ClCompile>
    <ClCompile Include="E:\Projects\GitLab\synergy-core\src\lib\server\ClientProxy1_7.cpp">
      <Filter>Source Files</Filter>
    </ClCompile>
    <ClCompile Include="E:\Projects\GitLab\synergy-core\src\lib\server\ClientProxy1_8.cpp">
      <Filter>Source Files</Filter>
    </ClCompile>
    <ClCompile Include="E:\Projects\GitLab\synergy-core\src\lib\server\ClientProxyUnknown.cpp">
      <Filter>Source Files</Filter>
    </ClCompile>
    <ClCompile Include="E:\Projects\GitLab\synergy-core\src\lib\server\Config.cpp">
      <Filter>Source Files</Filter>
    </ClCompile>
    <ClCompile Include="E:\Projects\GitLab\synergy-core\src\lib\server\InputFilter.cpp">
      <Filter>Source Files</Filter>
    </ClCompile>
    <ClCompile Include="E:\Projects\GitLab\synergy-core\src\lib\server\PrimaryClient.cpp">
      <Filter>Source Files</Filter>
    </ClCompile>
    <ClCompile Include="E:\Projects\GitLab\synergy-core\src\lib\server\Server.cpp">
      <Filter>Source Files</Filter>
    </ClCompile>
  </ItemGroup>
  <ItemGroup>
    <ClInclude Include="E:\Projects\GitLab\synergy-core\src\lib\server\BaseClientProxy.h">
      <Filter>Header Files</Filter>
    </ClInclude>
    <ClInclude Include="E:\Projects\GitLab\synergy-core\src\lib\server\ClientListener.h">
      <Filter>Header Files</Filter>
    </ClInclude>
    <ClInclude Include="E:\Projects\GitLab\synergy-core\src\lib\server\ClientProxy.h">
      <Filter>Header Files</Filter>
    </ClInclude>
    <ClInclude Include="E:\Projects\GitLab\synergy-core\src\lib\server\ClientProxy1_0.h">
      <Filter>Header Files</Filter>
    </ClInclude>
    <ClInclude Include="E:\Projects\GitLab\synergy-core\src\lib\server\ClientProxy1_1.h">
      <Filter>Header Files</Filter>
    </ClInclude>
    <ClInclude Include="E:\Projects\GitLab\synergy-core\src\lib\server\ClientProxy1_2.h">
      <Filter>Header Files</Filter>
    </ClInclude>
    <ClInclude Include="E:\Projects\GitLab\synergy-core\src\lib\server\ClientProxy1_3.h">
      <Filter>Header Files</Filter>
    </ClInclude>
    <ClInclude Include="E:\Projects\GitLab\synergy-core\src\lib\server\ClientProxy1_4.h">
      <Filter>Header Files</Filter>
    </ClInclude>
    <ClInclude Include="E:\Projects\GitLab\synergy-core\src\lib\server\ClientProxy1_5.h">
      <Filter>Header Files</Filter>
    </ClInclude>
    <ClInclude Include="E:\Projects\GitLab\synergy-core\src\lib\server\ClientProxy1_6.h">
      <Filter>Header Files</Filter>
    </ClInclude>
    <ClInclude Include="E:\Projects\GitLab\synergy-core\src\lib\server\ClientProxy1_7.h">
      <Filter>Header Files</Filter>
    </ClInclude>
    <ClInclude Include="E:\Projects\GitLab\synergy-core\src\lib\server\ClientProxy1_8.h">
      <Filter>Header Files</Filter>
    </ClInclude>
    <ClInclude Include="E:\Projects\GitLab\synergy-core\src\lib\server\ClientProxyUnknown.h">
      <Filter>Header Files</Filter>
    </ClInclude>
    <ClInclude Include="E:\Projects\GitLab\synergy-core\src\lib\server\Config.h">
      <Filter>Header Files</Filter>
    </ClInclude>
    <ClInclude Include="E:\Projects\GitLab\synergy-core\src\lib\server\InputFilter.h">
      <Filter>Header Files</Filter>
    </ClInclude>
    <ClInclude Include="E:\Projects\GitLab\synergy-core\src\lib\server\PrimaryClient.h">
      <Filter>Header Files</Filter>
    </ClInclude>
    <ClInclude Include="E:\Projects\GitLab\synergy-core\src\lib\server\Server.h">
      <Filter>Header Files</Filter>
    </ClInclude>
  </ItemGroup>
  <ItemGroup>
    <CustomBuild Include="E:\Projects\GitLab\synergy-core\src\lib\server\CMakeLists.txt" />
  </ItemGroup>
  <ItemGroup>
    <Filter Include="Header Files">
      <UniqueIdentifier>{76F079B1-9388-3AFD-B524-7B22A3AECB0B}</UniqueIdentifier>
    </Filter>
    <Filter Include="Source Files">
      <UniqueIdentifier>{D3493FF3-2B6F-306D-94BF-2A1F22F98542}</UniqueIdentifier>
    </Filter>
  </ItemGroup>
</Project>
