<?xml version="1.0" encoding="utf-8"?>
<Project ToolsVersion="16.0" xmlns="http://schemas.microsoft.com/developer/msbuild/2003">
  <ItemGroup>
    <ClCompile Include="E:\Projects\GitLab\synergy-core\src\lib\ipc\Ipc.cpp">
      <Filter>Source Files</Filter>
    </ClCompile>
    <ClCompile Include="E:\Projects\GitLab\synergy-core\src\lib\ipc\IpcClient.cpp">
      <Filter>Source Files</Filter>
    </ClCompile>
    <ClCompile Include="E:\Projects\GitLab\synergy-core\src\lib\ipc\IpcClientProxy.cpp">
      <Filter>Source Files</Filter>
    </ClCompile>
    <ClCompile Include="E:\Projects\GitLab\synergy-core\src\lib\ipc\IpcLogOutputter.cpp">
      <Filter>Source Files</Filter>
    </ClCompile>
    <ClCompile Include="E:\Projects\GitLab\synergy-core\src\lib\ipc\IpcMessage.cpp">
      <Filter>Source Files</Filter>
    </ClCompile>
    <ClCompile Include="E:\Projects\GitLab\synergy-core\src\lib\ipc\IpcServer.cpp">
      <Filter>Source Files</Filter>
    </ClCompile>
    <ClCompile Include="E:\Projects\GitLab\synergy-core\src\lib\ipc\IpcServerProxy.cpp">
      <Filter>Source Files</Filter>
    </ClCompile>
  </ItemGroup>
  <ItemGroup>
    <ClInclude Include="E:\Projects\GitLab\synergy-core\src\lib\ipc\Ipc.h">
      <Filter>Header Files</Filter>
    </ClInclude>
    <ClInclude Include="E:\Projects\GitLab\synergy-core\src\lib\ipc\IpcClient.h">
      <Filter>Header Files</Filter>
    </ClInclude>
    <ClInclude Include="E:\Projects\GitLab\synergy-core\src\lib\ipc\IpcClientProxy.h">
      <Filter>Header Files</Filter>
    </ClInclude>
    <ClInclude Include="E:\Projects\GitLab\synergy-core\src\lib\ipc\IpcLogOutputter.h">
      <Filter>Header Files</Filter>
    </ClInclude>
    <ClInclude Include="E:\Projects\GitLab\synergy-core\src\lib\ipc\IpcMessage.h">
      <Filter>Header Files</Filter>
    </ClInclude>
    <ClInclude Include="E:\Projects\GitLab\synergy-core\src\lib\ipc\IpcServer.h">
      <Filter>Header Files</Filter>
    </ClInclude>
    <ClInclude Include="E:\Projects\GitLab\synergy-core\src\lib\ipc\IpcServerProxy.h">
      <Filter>Header Files</Filter>
    </ClInclude>
  </ItemGroup>
  <ItemGroup>
    <CustomBuild Include="E:\Projects\GitLab\synergy-core\src\lib\ipc\CMakeLists.txt" />
  </ItemGroup>
  <ItemGroup>
    <Filter Include="Header Files">
      <UniqueIdentifier>{76F079B1-9388-3AFD-B524-7B22A3AECB0B}</UniqueIdentifier>
    </Filter>
    <Filter Include="Source Files">
      <UniqueIdentifier>{D3493FF3-2B6F-306D-94BF-2A1F22F98542}</UniqueIdentifier>
    </Filter>
  </ItemGroup>
</Project>
